// !$*UTF8*$!
{
	archiveVersion = 1;
	classes = {
	};
	objectVersion = 50;
	objects = {

/* Begin PBXBuildFile section */
		39ABF499241CE3130020BD34 /* AppDelegate.swift in Sources */ = {isa = PBXBuildFile; fileRef = 39ABF498241CE3130020BD34 /* AppDelegate.swift */; };
		39ABF49B241CE3130020BD34 /* SceneDelegate.swift in Sources */ = {isa = PBXBuildFile; fileRef = 39ABF49A241CE3130020BD34 /* SceneDelegate.swift */; };
		39ABF49D241CE3130020BD34 /* ViewController.swift in Sources */ = {isa = PBXBuildFile; fileRef = 39ABF49C241CE3130020BD34 /* ViewController.swift */; };
		39ABF4A0241CE3130020BD34 /* Main.storyboard in Resources */ = {isa = PBXBuildFile; fileRef = 39ABF49E241CE3130020BD34 /* Main.storyboard */; };
		39ABF4A2241CE3140020BD34 /* Assets.xcassets in Resources */ = {isa = PBXBuildFile; fileRef = 39ABF4A1241CE3140020BD34 /* Assets.xcassets */; };
		39ABF4A5241CE3140020BD34 /* LaunchScreen.storyboard in Resources */ = {isa = PBXBuildFile; fileRef = 39ABF4A3241CE3140020BD34 /* LaunchScreen.storyboard */; };
		800579F09F1A3C59899979D1 /* Pods_RxViper.framework in Frameworks */ = {isa = PBXBuildFile; fileRef = 0BC19016D163B506714C6047 /* Pods_RxViper.framework */; };
/* End PBXBuildFile section */

/* Begin PBXFileReference section */
		0BC19016D163B506714C6047 /* Pods_RxViper.framework */ = {isa = PBXFileReference; explicitFileType = wrapper.framework; includeInIndex = 0; path = Pods_RxViper.framework; sourceTree = BUILT_PRODUCTS_DIR; };
		39ABF495241CE3130020BD34 /* RxViper.app */ = {isa = PBXFileReference; explicitFileType = wrapper.application; includeInIndex = 0; path = RxViper.app; sourceTree = BUILT_PRODUCTS_DIR; };
		39ABF498241CE3130020BD34 /* AppDelegate.swift */ = {isa = PBXFileReference; lastKnownFileType = sourcecode.swift; path = AppDelegate.swift; sourceTree = "<group>"; };
		39ABF49A241CE3130020BD34 /* SceneDelegate.swift */ = {isa = PBXFileReference; lastKnownFileType = sourcecode.swift; path = SceneDelegate.swift; sourceTree = "<group>"; };
		39ABF49C241CE3130020BD34 /* ViewController.swift */ = {isa = PBXFileReference; lastKnownFileType = sourcecode.swift; path = ViewController.swift; sourceTree = "<group>"; };
		39ABF49F241CE3130020BD34 /* Base */ = {isa = PBXFileReference; lastKnownFileType = file.storyboard; name = Base; path = Base.lproj/Main.storyboard; sourceTree = "<group>"; };
		39ABF4A1241CE3140020BD34 /* Assets.xcassets */ = {isa = PBXFileReference; lastKnownFileType = folder.assetcatalog; path = Assets.xcassets; sourceTree = "<group>"; };
		39ABF4A4241CE3140020BD34 /* Base */ = {isa = PBXFileReference; lastKnownFileType = file.storyboard; name = Base; path = Base.lproj/LaunchScreen.storyboard; sourceTree = "<group>"; };
		39ABF4A6241CE3140020BD34 /* Info.plist */ = {isa = PBXFileReference; lastKnownFileType = text.plist.xml; path = Info.plist; sourceTree = "<group>"; };
		4BCDE6CDCF453403577576AB /* Pods-RxViper.debug.xcconfig */ = {isa = PBXFileReference; includeInIndex = 1; lastKnownFileType = text.xcconfig; name = "Pods-RxViper.debug.xcconfig"; path = "Target Support Files/Pods-RxViper/Pods-RxViper.debug.xcconfig"; sourceTree = "<group>"; };
		D05220F58A849E7F11973C9A /* Pods-RxViper.release.xcconfig */ = {isa = PBXFileReference; includeInIndex = 1; lastKnownFileType = text.xcconfig; name = "Pods-RxViper.release.xcconfig"; path = "Target Support Files/Pods-RxViper/Pods-RxViper.release.xcconfig"; sourceTree = "<group>"; };
/* End PBXFileReference section */

/* Begin PBXFrameworksBuildPhase section */
		39ABF492241CE3130020BD34 /* Frameworks */ = {
			isa = PBXFrameworksBuildPhase;
			buildActionMask = 2147483647;
			files = (
				800579F09F1A3C59899979D1 /* Pods_RxViper.framework in Frameworks */,
			);
			runOnlyForDeploymentPostprocessing = 0;
		};
/* End PBXFrameworksBuildPhase section */

/* Begin PBXGroup section */
		180BB48E7EC5EF2881EF1D21 /* Pods */ = {
			isa = PBXGroup;
			children = (
				4BCDE6CDCF453403577576AB /* Pods-RxViper.debug.xcconfig */,
				D05220F58A849E7F11973C9A /* Pods-RxViper.release.xcconfig */,
			);
			name = Pods;
			path = Pods;
			sourceTree = "<group>";
		};
		39ABF48C241CE3130020BD34 = {
			isa = PBXGroup;
			children = (
				39ABF497241CE3130020BD34 /* RxViper */,
				39ABF496241CE3130020BD34 /* Products */,
				180BB48E7EC5EF2881EF1D21 /* Pods */,
				40B4335FFE499C5CAA520E95 /* Frameworks */,
			);
			sourceTree = "<group>";
		};
		39ABF496241CE3130020BD34 /* Products */ = {
			isa = PBXGroup;
			children = (
				39ABF495241CE3130020BD34 /* RxViper.app */,
			);
			name = Products;
			sourceTree = "<group>";
		};
		39ABF497241CE3130020BD34 /* RxViper */ = {
			isa = PBXGroup;
			children = (
				39ABF498241CE3130020BD34 /* AppDelegate.swift */,
				39ABF49A241CE3130020BD34 /* SceneDelegate.swift */,
				39ABF49C241CE3130020BD34 /* ViewController.swift */,
				39ABF49E241CE3130020BD34 /* Main.storyboard */,
				39ABF4A1241CE3140020BD34 /* Assets.xcassets */,
				39ABF4A3241CE3140020BD34 /* LaunchScreen.storyboard */,
				39ABF4A6241CE3140020BD34 /* Info.plist */,
			);
			path = RxViper;
			sourceTree = "<group>";
		};
		40B4335FFE499C5CAA520E95 /* Frameworks */ = {
			isa = PBXGroup;
			children = (
				0BC19016D163B506714C6047 /* Pods_RxViper.framework */,
			);
			name = Frameworks;
			sourceTree = "<group>";
		};
/* End PBXGroup section */

/* Begin PBXNativeTarget section */
		39ABF494241CE3130020BD34 /* RxViper */ = {
			isa = PBXNativeTarget;
			buildConfigurationList = 39ABF4A9241CE3140020BD34 /* Build configuration list for PBXNativeTarget "RxViper" */;
			buildPhases = (
				7C346B2147C24D92F298A9DE /* [CP] Check Pods Manifest.lock */,
				39ABF491241CE3130020BD34 /* Sources */,
				39ABF492241CE3130020BD34 /* Frameworks */,
				39ABF493241CE3130020BD34 /* Resources */,
				F4A0032EBA0FD163039C1D2F /* [CP] Embed Pods Frameworks */,
			);
			buildRules = (
			);
			dependencies = (
			);
			name = RxViper;
			productName = RxViper;
			productReference = 39ABF495241CE3130020BD34 /* RxViper.app */;
			productType = "com.apple.product-type.application";
		};
/* End PBXNativeTarget section */

/* Begin PBXProject section */
		39ABF48D241CE3130020BD34 /* Project object */ = {
			isa = PBXProject;
			attributes = {
				LastSwiftUpdateCheck = 1120;
				LastUpgradeCheck = 1120;
				ORGANIZATIONNAME = Mina;
				TargetAttributes = {
					39ABF494241CE3130020BD34 = {
						CreatedOnToolsVersion = 11.2.1;
					};
				};
			};
			buildConfigurationList = 39ABF490241CE3130020BD34 /* Build configuration list for PBXProject "RxViper" */;
			compatibilityVersion = "Xcode 9.3";
			developmentRegion = en;
			hasScannedForEncodings = 0;
			knownRegions = (
				en,
				Base,
			);
			mainGroup = 39ABF48C241CE3130020BD34;
			productRefGroup = 39ABF496241CE3130020BD34 /* Products */;
			projectDirPath = "";
			projectRoot = "";
			targets = (
				39ABF494241CE3130020BD34 /* RxViper */,
			);
		};
/* End PBXProject section */

/* Begin PBXResourcesBuildPhase section */
		39ABF493241CE3130020BD34 /* Resources */ = {
			isa = PBXResourcesBuildPhase;
			buildActionMask = 2147483647;
			files = (
				39ABF4A5241CE3140020BD34 /* LaunchScreen.storyboard in Resources */,
				39ABF4A2241CE3140020BD34 /* Assets.xcassets in Resources */,
				39ABF4A0241CE3130020BD34 /* Main.storyboard in Resources */,
			);
			runOnlyForDeploymentPostprocessing = 0;
		};
/* End PBXResourcesBuildPhase section */

/* Begin PBXShellScriptBuildPhase section */
		7C346B2147C24D92F298A9DE /* [CP] Check Pods Manifest.lock */ = {
			isa = PBXShellScriptBuildPhase;
			buildActionMask = 2147483647;
			files = (
			);
			inputFileListPaths = (
			);
			inputPaths = (
				"${PODS_PODFILE_DIR_PATH}/Podfile.lock",
				"${PODS_ROOT}/Manifest.lock",
			);
			name = "[CP] Check Pods Manifest.lock";
			outputFileListPaths = (
			);
			outputPaths = (
				"$(DERIVED_FILE_DIR)/Pods-RxViper-checkManifestLockResult.txt",
			);
			runOnlyForDeploymentPostprocessing = 0;
			shellPath = /bin/sh;
			shellScript = "diff \"${PODS_PODFILE_DIR_PATH}/Podfile.lock\" \"${PODS_ROOT}/Manifest.lock\" > /dev/null\nif [ $? != 0 ] ; then\n    # print error to STDERR\n    echo \"error: The sandbox is not in sync with the Podfile.lock. Run 'pod install' or update your CocoaPods installation.\" >&2\n    exit 1\nfi\n# This output is used by Xcode 'outputs' to avoid re-running this script phase.\necho \"SUCCESS\" > \"${SCRIPT_OUTPUT_FILE_0}\"\n";
			showEnvVarsInLog = 0;
		};
		F4A0032EBA0FD163039C1D2F /* [CP] Embed Pods Frameworks */ = {
			isa = PBXShellScriptBuildPhase;
			buildActionMask = 2147483647;
			files = (
			);
			inputFileListPaths = (
				"${PODS_ROOT}/Target Support Files/Pods-RxViper/Pods-RxViper-frameworks-${CONFIGURATION}-input-files.xcfilelist",
			);
			name = "[CP] Embed Pods Frameworks";
			outputFileListPaths = (
				"${PODS_ROOT}/Target Support Files/Pods-RxViper/Pods-RxViper-frameworks-${CONFIGURATION}-output-files.xcfilelist",
			);
			runOnlyForDeploymentPostprocessing = 0;
			shellPath = /bin/sh;
			shellScript = "\"${PODS_ROOT}/Target Support Files/Pods-RxViper/Pods-RxViper-frameworks.sh\"\n";
			showEnvVarsInLog = 0;
		};
/* End PBXShellScriptBuildPhase section */

/* Begin PBXSourcesBuildPhase section */
		39ABF491241CE3130020BD34 /* Sources */ = {
			isa = PBXSourcesBuildPhase;
			buildActionMask = 2147483647;
			files = (
				39ABF49D241CE3130020BD34 /* ViewController.swift in Sources */,
				39ABF499241CE3130020BD34 /* AppDelegate.swift in Sources */,
				39ABF49B241CE3130020BD34 /* SceneDelegate.swift in Sources */,
			);
			runOnlyForDeploymentPostprocessing = 0;
		};
/* End PBXSourcesBuildPhase section */

/* Begin PBXVariantGroup section */
		39ABF49E241CE3130020BD34 /* Main.storyboard */ = {
			isa = PBXVariantGroup;
			children = (
				39ABF49F241CE3130020BD34 /* Base */,
			);
			name = Main.storyboard;
			sourceTree = "<group>";
		};
		39ABF4A3241CE3140020BD34 /* LaunchScreen.storyboard */ = {
			isa = PBXVariantGroup;
			children = (
				39ABF4A4241CE3140020BD34 /* Base */,
			);
			name = LaunchScreen.storyboard;
			sourceTree = "<group>";
		};
/* End PBXVariantGroup section */

/* Begin XCBuildConfiguration section */
		39ABF4A7241CE3140020BD34 /* Debug */ = {
			isa = XCBuildConfiguration;
			buildSettings = {
				ALWAYS_SEARCH_USER_PATHS = NO;
				CLANG_ANALYZER_NONNULL = YES;
				CLANG_ANALYZER_NUMBER_OBJECT_CONVERSION = YES_AGGRESSIVE;
				CLANG_CXX_LANGUAGE_STANDARD = "gnu++14";
				CLANG_CXX_LIBRARY = "libc++";
				CLANG_ENABLE_MODULES = YES;
				CLANG_ENABLE_OBJC_ARC = YES;
				CLANG_ENABLE_OBJC_WEAK = YES;
				CLANG_WARN_BLOCK_CAPTURE_AUTORELEASING = YES;
				CLANG_WARN_BOOL_CONVERSION = YES;
				CLANG_WARN_COMMA = YES;
				CLANG_WARN_CONSTANT_CONVERSION = YES;
				CLANG_WARN_DEPRECATED_OBJC_IMPLEMENTATIONS = YES;
				CLANG_WARN_DIRECT_OBJC_ISA_USAGE = YES_ERROR;
				CLANG_WARN_DOCUMENTATION_COMMENTS = YES;
				CLANG_WARN_EMPTY_BODY = YES;
				CLANG_WARN_ENUM_CONVERSION = YES;
				CLANG_WARN_INFINITE_RECURSION = YES;
				CLANG_WARN_INT_CONVERSION = YES;
				CLANG_WARN_NON_LITERAL_NULL_CONVERSION = YES;
				CLANG_WARN_OBJC_IMPLICIT_RETAIN_SELF = YES;
				CLANG_WARN_OBJC_LITERAL_CONVERSION = YES;
				CLANG_WARN_OBJC_ROOT_CLASS = YES_ERROR;
				CLANG_WARN_RANGE_LOOP_ANALYSIS = YES;
				CLANG_WARN_STRICT_PROTOTYPES = YES;
				CLANG_WARN_SUSPICIOUS_MOVE = YES;
				CLANG_WARN_UNGUARDED_AVAILABILITY = YES_AGGRESSIVE;
				CLANG_WARN_UNREACHABLE_CODE = YES;
				CLANG_WARN__DUPLICATE_METHOD_MATCH = YES;
				COPY_PHASE_STRIP = NO;
				DEBUG_INFORMATION_FORMAT = dwarf;
				ENABLE_STRICT_OBJC_MSGSEND = YES;
				ENABLE_TESTABILITY = YES;
				GCC_C_LANGUAGE_STANDARD = gnu11;
				GCC_DYNAMIC_NO_PIC = NO;
				GCC_NO_COMMON_BLOCKS = YES;
				GCC_OPTIMIZATION_LEVEL = 0;
				GCC_PREPROCESSOR_DEFINITIONS = (
					"DEBUG=1",
					"$(inherited)",
				);
				GCC_WARN_64_TO_32_BIT_CONVERSION = YES;
				GCC_WARN_ABOUT_RETURN_TYPE = YES_ERROR;
				GCC_WARN_UNDECLARED_SELECTOR = YES;
				GCC_WARN_UNINITIALIZED_AUTOS = YES_AGGRESSIVE;
				GCC_WARN_UNUSED_FUNCTION = YES;
				GCC_WARN_UNUSED_VARIABLE = YES;
				IPHONEOS_DEPLOYMENT_TARGET = 13.2;
				MTL_ENABLE_DEBUG_INFO = INCLUDE_SOURCE;
				MTL_FAST_MATH = YES;
				ONLY_ACTIVE_ARCH = YES;
				SDKROOT = iphoneos;
				SWIFT_ACTIVE_COMPILATION_CONDITIONS = DEBUG;
				SWIFT_OPTIMIZATION_LEVEL = "-Onone";
			};
			name = Debug;
		};
		39ABF4A8241CE3140020BD34 /* Release */ = {
			isa = XCBuildConfiguration;
			buildSettings = {
				ALWAYS_SEARCH_USER_PATHS = NO;
				CLANG_ANALYZER_NONNULL = YES;
				CLANG_ANALYZER_NUMBER_OBJECT_CONVERSION = YES_AGGRESSIVE;
				CLANG_CXX_LANGUAGE_STANDARD = "gnu++14";
				CLANG_CXX_LIBRARY = "libc++";
				CLANG_ENABLE_MODULES = YES;
				CLANG_ENABLE_OBJC_ARC = YES;
				CLANG_ENABLE_OBJC_WEAK = YES;
				CLANG_WARN_BLOCK_CAPTURE_AUTORELEASING = YES;
				CLANG_WARN_BOOL_CONVERSION = YES;
				CLANG_WARN_COMMA = YES;
				CLANG_WARN_CONSTANT_CONVERSION = YES;
				CLANG_WARN_DEPRECATED_OBJC_IMPLEMENTATIONS = YES;
				CLANG_WARN_DIRECT_OBJC_ISA_USAGE = YES_ERROR;
				CLANG_WARN_DOCUMENTATION_COMMENTS = YES;
				CLANG_WARN_EMPTY_BODY = YES;
				CLANG_WARN_ENUM_CONVERSION = YES;
				CLANG_WARN_INFINITE_RECURSION = YES;
				CLANG_WARN_INT_CONVERSION = YES;
				CLANG_WARN_NON_LITERAL_NULL_CONVERSION = YES;
				CLANG_WARN_OBJC_IMPLICIT_RETAIN_SELF = YES;
				CLANG_WARN_OBJC_LITERAL_CONVERSION = YES;
				CLANG_WARN_OBJC_ROOT_CLASS = YES_ERROR;
				CLANG_WARN_RANGE_LOOP_ANALYSIS = YES;
				CLANG_WARN_STRICT_PROTOTYPES = YES;
				CLANG_WARN_SUSPICIOUS_MOVE = YES;
				CLANG_WARN_UNGUARDED_AVAILABILITY = YES_AGGRESSIVE;
				CLANG_WARN_UNREACHABLE_CODE = YES;
				CLANG_WARN__DUPLICATE_METHOD_MATCH = YES;
				COPY_PHASE_STRIP = NO;
				DEBUG_INFORMATION_FORMAT = "dwarf-with-dsym";
				ENABLE_NS_ASSERTIONS = NO;
				ENABLE_STRICT_OBJC_MSGSEND = YES;
				GCC_C_LANGUAGE_STANDARD = gnu11;
				GCC_NO_COMMON_BLOCKS = YES;
				GCC_WARN_64_TO_32_BIT_CONVERSION = YES;
				GCC_WARN_ABOUT_RETURN_TYPE = YES_ERROR;
				GCC_WARN_UNDECLARED_SELECTOR = YES;
				GCC_WARN_UNINITIALIZED_AUTOS = YES_AGGRESSIVE;
				GCC_WARN_UNUSED_FUNCTION = YES;
				GCC_WARN_UNUSED_VARIABLE = YES;
				IPHONEOS_DEPLOYMENT_TARGET = 13.2;
				MTL_ENABLE_DEBUG_INFO = NO;
				MTL_FAST_MATH = YES;
				SDKROOT = iphoneos;
				SWIFT_COMPILATION_MODE = wholemodule;
				SWIFT_OPTIMIZATION_LEVEL = "-O";
				VALIDATE_PRODUCT = YES;
			};
			name = Release;
		};
		39ABF4AA241CE3140020BD34 /* Debug */ = {
			isa = XCBuildConfiguration;
			baseConfigurationReference = 4BCDE6CDCF453403577576AB /* Pods-RxViper.debug.xcconfig */;
			buildSettings = {
				ASSETCATALOG_COMPILER_APPICON_NAME = AppIcon;
				CODE_SIGN_STYLE = Automatic;
				DEVELOPMENT_TEAM = 6EHVSPSFG7;
				INFOPLIST_FILE = RxViper/Info.plist;
				LD_RUNPATH_SEARCH_PATHS = (
					"$(inherited)",
					"@executable_path/Frameworks",
				);
				PRODUCT_BUNDLE_IDENTIFIER = com.demo.RxViper;
				PRODUCT_NAME = "$(TARGET_NAME)";
				SWIFT_VERSION = 5.0;
				TARGETED_DEVICE_FAMILY = "1,2";
			};
			name = Debug;
		};
		39ABF4AB241CE3140020BD34 /* Release */ = {
			isa = XCBuildConfiguration;
			baseConfigurationReference = D05220F58A849E7F11973C9A /* Pods-RxViper.release.xcconfig */;
			buildSettings = {
				ASSETCATALOG_COMPILER_APPICON_NAME = AppIcon;
				CODE_SIGN_STYLE = Automatic;
				DEVELOPMENT_TEAM = 6EHVSPSFG7;
				INFOPLIST_FILE = RxViper/Info.plist;
				LD_RUNPATH_SEARCH_PATHS = (
					"$(inherited)",
					"@executable_path/Frameworks",
				);
				PRODUCT_BUNDLE_IDENTIFIER = com.demo.RxViper;
				PRODUCT_NAME = "$(TARGET_NAME)";
				SWIFT_VERSION = 5.0;
				TARGETED_DEVICE_FAMILY = "1,2";
			};
			name = Release;
		};
/* End XCBuildConfiguration section */

/* Begin XCConfigurationList section */
		39ABF490241CE3130020BD34 /* Build configuration list for PBXProject "RxViper" */ = {
			isa = XCConfigurationList;
			buildConfigurations = (
				39ABF4A7241CE3140020BD34 /* Debug */,
				39ABF4A8241CE3140020BD34 /* Release */,
			);
			defaultConfigurationIsVisible = 0;
			defaultConfigurationName = Release;
		};
		39ABF4A9241CE3140020BD34 /* Build configuration list for PBXNativeTarget "RxViper" */ = {
			isa = XCConfigurationList;
			buildConfigurations = (
				39ABF4AA241CE3140020BD34 /* Debug */,
				39ABF4AB241CE3140020BD34 /* Release */,
			);
			defaultConfigurationIsVisible = 0;
			defaultConfigurationName = Release;
		};
/* End XCConfigurationList section */
	};
	rootObject = 39ABF48D241CE3130020BD34 /* Project object */;
}
